
Microsoft Visual Studio Solution File, Format Version 12.00
# Visual Studio Version 17
VisualStudioVersion = 17.13.35818.85
MinimumVisualStudioVersion = 10.0.40219.1
Project("{FAE04EC0-301F-11D3-BF4B-00C04F79EFBC}") = "1.Lab.04", "1.Lab.4\1.Lab.04.csproj", "{2B16D2A3-BD7A-443E-B805-98C2BE5C2D56}"
EndProject
Project("{FAE04EC0-301F-11D3-BF4B-00C04F79EFBC}") = "1.Lab.05", "1.Lab.5\1.Lab.05.csproj", "{1AA54C42-6624-42B5-A62A-E17FC702BAF1}"
EndProject
Project("{FAE04EC0-301F-11D3-BF4B-00C04F79EFBC}") = "1.Lab.06", "1.Lab.6\1.Lab.06.csproj", "{447F7632-4C5B-47C1-B076-CBC1901CD76B}"
EndProject
Project("{FAE04EC0-301F-11D3-BF4B-00C04F79EFBC}") = "1.Lab.07", "1.Lab.7\1.Lab.07.csproj", "{E71DC4B8-CD7B-421B-8FCF-7E18394AAB92}"
EndProject
Project("{FAE04EC0-301F-11D3-BF4B-00C04F79EFBC}") = "1.LAb.08", "1.LAb.8\1.LAb.08.csproj", "{FDA68A5A-F27F-422E-BB5D-F80810DE38B6}"
EndProject
Project("{FAE04EC0-301F-11D3-BF4B-00C04F79EFBC}") = "1.Lab.09", "1.Lab.9\1.Lab.09.csproj", "{F501F72D-5DBF-4219-9CA4-34BF45595C01}"
EndProject
Project("{FAE04EC0-301F-11D3-BF4B-00C04F79EFBC}") = "1.Lab.10", "1.Lab.10\1.Lab.10.csproj", "{A2C09FB0-11E7-44C7-B20B-438C816B84FE}"
EndProject
Project("{2150E333-8FDC-42A3-9474-1A3956D46DE8}") = "01 Lab", "01 Lab", "{36D591C7-65C7-A0D1-1CBC-10CDE441BDC8}"
EndProject
Global
	GlobalSection(SolutionConfigurationPlatforms) = preSolution
		Debug|Any CPU = Debug|Any CPU
		Release|Any CPU = Release|Any CPU
	EndGlobalSection
	GlobalSection(ProjectConfigurationPlatforms) = postSolution
		{2B16D2A3-BD7A-443E-B805-98C2BE5C2D56}.Debug|Any CPU.ActiveCfg = Debug|Any CPU
		{2B16D2A3-BD7A-443E-B805-98C2BE5C2D56}.Debug|Any CPU.Build.0 = Debug|Any CPU
		{2B16D2A3-BD7A-443E-B805-98C2BE5C2D56}.Release|Any CPU.ActiveCfg = Release|Any CPU
		{2B16D2A3-BD7A-443E-B805-98C2BE5C2D56}.Release|Any CPU.Build.0 = Release|Any CPU
		{1AA54C42-6624-42B5-A62A-E17FC702BAF1}.Debug|Any CPU.ActiveCfg = Debug|Any CPU
		{1AA54C42-6624-42B5-A62A-E17FC702BAF1}.Debug|Any CPU.Build.0 = Debug|Any CPU
		{1AA54C42-6624-42B5-A62A-E17FC702BAF1}.Release|Any CPU.ActiveCfg = Release|Any CPU
		{1AA54C42-6624-42B5-A62A-E17FC702BAF1}.Release|Any CPU.Build.0 = Release|Any CPU
		{447F7632-4C5B-47C1-B076-CBC1901CD76B}.Debug|Any CPU.ActiveCfg = Debug|Any CPU
		{447F7632-4C5B-47C1-B076-CBC1901CD76B}.Debug|Any CPU.Build.0 = Debug|Any CPU
		{447F7632-4C5B-47C1-B076-CBC1901CD76B}.Release|Any CPU.ActiveCfg = Release|Any CPU
		{447F7632-4C5B-47C1-B076-CBC1901CD76B}.Release|Any CPU.Build.0 = Release|Any CPU
		{E71DC4B8-CD7B-421B-8FCF-7E18394AAB92}.Debug|Any CPU.ActiveCfg = Debug|Any CPU
		{E71DC4B8-CD7B-421B-8FCF-7E18394AAB92}.Debug|Any CPU.Build.0 = Debug|Any CPU
		{E71DC4B8-CD7B-421B-8FCF-7E18394AAB92}.Release|Any CPU.ActiveCfg = Release|Any CPU
		{E71DC4B8-CD7B-421B-8FCF-7E18394AAB92}.Release|Any CPU.Build.0 = Release|Any CPU
		{FDA68A5A-F27F-422E-BB5D-F80810DE38B6}.Debug|Any CPU.ActiveCfg = Debug|Any CPU
		{FDA68A5A-F27F-422E-BB5D-F80810DE38B6}.Debug|Any CPU.Build.0 = Debug|Any CPU
		{FDA68A5A-F27F-422E-BB5D-F80810DE38B6}.Release|Any CPU.ActiveCfg = Release|Any CPU
		{FDA68A5A-F27F-422E-BB5D-F80810DE38B6}.Release|Any CPU.Build.0 = Release|Any CPU
		{F501F72D-5DBF-4219-9CA4-34BF45595C01}.Debug|Any CPU.ActiveCfg = Debug|Any CPU
		{F501F72D-5DBF-4219-9CA4-34BF45595C01}.Debug|Any CPU.Build.0 = Debug|Any CPU
		{F501F72D-5DBF-4219-9CA4-34BF45595C01}.Release|Any CPU.ActiveCfg = Release|Any CPU
		{F501F72D-5DBF-4219-9CA4-34BF45595C01}.Release|Any CPU.Build.0 = Release|Any CPU
		{A2C09FB0-11E7-44C7-B20B-438C816B84FE}.Debug|Any CPU.ActiveCfg = Debug|Any CPU
		{A2C09FB0-11E7-44C7-B20B-438C816B84FE}.Debug|Any CPU.Build.0 = Debug|Any CPU
		{A2C09FB0-11E7-44C7-B20B-438C816B84FE}.Release|Any CPU.ActiveCfg = Release|Any CPU
		{A2C09FB0-11E7-44C7-B20B-438C816B84FE}.Release|Any CPU.Build.0 = Release|Any CPU
	EndGlobalSection
	GlobalSection(SolutionProperties) = preSolution
		HideSolutionNode = FALSE
	EndGlobalSection
	GlobalSection(NestedProjects) = preSolution
		{2B16D2A3-BD7A-443E-B805-98C2BE5C2D56} = {36D591C7-65C7-A0D1-1CBC-10CDE441BDC8}
		{1AA54C42-6624-42B5-A62A-E17FC702BAF1} = {36D591C7-65C7-A0D1-1CBC-10CDE441BDC8}
		{447F7632-4C5B-47C1-B076-CBC1901CD76B} = {36D591C7-65C7-A0D1-1CBC-10CDE441BDC8}
		{E71DC4B8-CD7B-421B-8FCF-7E18394AAB92} = {36D591C7-65C7-A0D1-1CBC-10CDE441BDC8}
		{FDA68A5A-F27F-422E-BB5D-F80810DE38B6} = {36D591C7-65C7-A0D1-1CBC-10CDE441BDC8}
		{F501F72D-5DBF-4219-9CA4-34BF45595C01} = {36D591C7-65C7-A0D1-1CBC-10CDE441BDC8}
		{A2C09FB0-11E7-44C7-B20B-438C816B84FE} = {36D591C7-65C7-A0D1-1CBC-10CDE441BDC8}
	EndGlobalSection
	GlobalSection(ExtensibilityGlobals) = postSolution
		SolutionGuid = {40FADF10-44FB-41D3-89BE-5795D502A537}
	EndGlobalSection
EndGlobal
