
Microsoft Visual Studio Solution File, Format Version 12.00
# Visual Studio Version 17
VisualStudioVersion = 17.13.35818.85
MinimumVisualStudioVersion = 10.0.40219.1
Project("{2150E333-8FDC-42A3-9474-1A3956D46DE8}") = "01 Lab", "01 Lab", "{36D591C7-65C7-A0D1-1CBC-10CDE441BDC8}"
EndProject
Project("{FAE04EC0-301F-11D3-BF4B-00C04F79EFBC}") = "1.Lab.04", "01 Lab\1.Lab.4\1.Lab.04.csproj", "{29EF9242-6ABA-BAC6-94F5-EFFA6ABF4CA9}"
EndProject
Project("{FAE04EC0-301F-11D3-BF4B-00C04F79EFBC}") = "1.Lab.05", "01 Lab\1.Lab.5\1.Lab.05.csproj", "{A056D2DC-3A95-E5E2-5CF4-DF27D56442C4}"
EndProject
Project("{FAE04EC0-301F-11D3-BF4B-00C04F79EFBC}") = "1.Lab.06", "01 Lab\1.Lab.6\1.Lab.06.csproj", "{5A0834E9-56A5-78D4-DB0C-26196A0FC7FF}"
EndProject
Project("{FAE04EC0-301F-11D3-BF4B-00C04F79EFBC}") = "1.LAb.08", "01 Lab\1.LAb.8\1.LAb.08.csproj", "{07CC854A-66BD-8467-AEB2-B2E1BADCBBD7}"
EndProject
Project("{FAE04EC0-301F-11D3-BF4B-00C04F79EFBC}") = "1.Lab.09", "01 Lab\1.Lab.9\1.Lab.09.csproj", "{D5CD0AD2-E52C-DA77-9B0A-E889E58F2AEE}"
EndProject
Project("{FAE04EC0-301F-11D3-BF4B-00C04F79EFBC}") = "1.Lab.10", "01 Lab\1.Lab.10\1.Lab.10.csproj", "{5005BD0A-E822-6D0C-D0FA-E692293C12B6}"
EndProject
Project("{FAE04EC0-301F-11D3-BF4B-00C04F79EFBC}") = "1.Lab.07", "01 Lab\1.Lab.7\1.Lab.07.csproj", "{44FA09DB-6553-2723-18F6-B7BB51C3AB94}"
EndProject
Project("{2150E333-8FDC-42A3-9474-1A3956D46DE8}") = "01 HomeWork", "01 HomeWork", "{FFCCDD89-60FB-4B07-BCB3-8D48EC0F1293}"
EndProject
Project("{FAE04EC0-301F-11D3-BF4B-00C04F79EFBC}") = "HW01_01", "01 HomeWork\1.HW.01\HW01_01.csproj", "{49D03713-F308-43FB-B869-6629C5EBDE8D}"
EndProject
Project("{FAE04EC0-301F-11D3-BF4B-00C04F79EFBC}") = "HW01_02", "01 HomeWork\01.HW.02\HW01_02.csproj", "{D7C9B137-9861-402F-9639-5140990F6338}"
EndProject
Project("{FAE04EC0-301F-11D3-BF4B-00C04F79EFBC}") = "HW01_03", "01 HomeWork\01.HW.03\HW01_03.csproj", "{11C15A36-7151-4206-89D9-A395FBFE5A4D}"
EndProject
Project("{FAE04EC0-301F-11D3-BF4B-00C04F79EFBC}") = "HW01_04_05_06", "01 HomeWork\01.HW.04+05+06\HW01_04_05_06.csproj", "{E96DD8DB-84B6-4621-9F81-E62CB8640108}"
EndProject
Project("{FAE04EC0-301F-11D3-BF4B-00C04F79EFBC}") = "HW01_07_08_09", "01 HomeWork\01.HW.07+08+09\HW01_07_08_09.csproj", "{B268E2BE-3090-4C4C-977F-7547FF4355A2}"
EndProject
Project("{FAE04EC0-301F-11D3-BF4B-00C04F79EFBC}") = "HW01_Tests_07_08_09", "01 HomeWork\TestProject1\HW01_Tests_07_08_09.csproj", "{CF861732-8839-423E-9449-D39D7B7541CD}"
EndProject
Global
	GlobalSection(SolutionConfigurationPlatforms) = preSolution
		Debug|Any CPU = Debug|Any CPU
		Release|Any CPU = Release|Any CPU
	EndGlobalSection
	GlobalSection(ProjectConfigurationPlatforms) = postSolution
		{29EF9242-6ABA-BAC6-94F5-EFFA6ABF4CA9}.Debug|Any CPU.ActiveCfg = Debug|Any CPU
		{29EF9242-6ABA-BAC6-94F5-EFFA6ABF4CA9}.Debug|Any CPU.Build.0 = Debug|Any CPU
		{29EF9242-6ABA-BAC6-94F5-EFFA6ABF4CA9}.Release|Any CPU.ActiveCfg = Release|Any CPU
		{29EF9242-6ABA-BAC6-94F5-EFFA6ABF4CA9}.Release|Any CPU.Build.0 = Release|Any CPU
		{A056D2DC-3A95-E5E2-5CF4-DF27D56442C4}.Debug|Any CPU.ActiveCfg = Debug|Any CPU
		{A056D2DC-3A95-E5E2-5CF4-DF27D56442C4}.Debug|Any CPU.Build.0 = Debug|Any CPU
		{A056D2DC-3A95-E5E2-5CF4-DF27D56442C4}.Release|Any CPU.ActiveCfg = Release|Any CPU
		{A056D2DC-3A95-E5E2-5CF4-DF27D56442C4}.Release|Any CPU.Build.0 = Release|Any CPU
		{5A0834E9-56A5-78D4-DB0C-26196A0FC7FF}.Debug|Any CPU.ActiveCfg = Debug|Any CPU
		{5A0834E9-56A5-78D4-DB0C-26196A0FC7FF}.Debug|Any CPU.Build.0 = Debug|Any CPU
		{5A0834E9-56A5-78D4-DB0C-26196A0FC7FF}.Release|Any CPU.ActiveCfg = Release|Any CPU
		{5A0834E9-56A5-78D4-DB0C-26196A0FC7FF}.Release|Any CPU.Build.0 = Release|Any CPU
		{07CC854A-66BD-8467-AEB2-B2E1BADCBBD7}.Debug|Any CPU.ActiveCfg = Debug|Any CPU
		{07CC854A-66BD-8467-AEB2-B2E1BADCBBD7}.Debug|Any CPU.Build.0 = Debug|Any CPU
		{07CC854A-66BD-8467-AEB2-B2E1BADCBBD7}.Release|Any CPU.ActiveCfg = Release|Any CPU
		{07CC854A-66BD-8467-AEB2-B2E1BADCBBD7}.Release|Any CPU.Build.0 = Release|Any CPU
		{D5CD0AD2-E52C-DA77-9B0A-E889E58F2AEE}.Debug|Any CPU.ActiveCfg = Debug|Any CPU
		{D5CD0AD2-E52C-DA77-9B0A-E889E58F2AEE}.Debug|Any CPU.Build.0 = Debug|Any CPU
		{D5CD0AD2-E52C-DA77-9B0A-E889E58F2AEE}.Release|Any CPU.ActiveCfg = Release|Any CPU
		{D5CD0AD2-E52C-DA77-9B0A-E889E58F2AEE}.Release|Any CPU.Build.0 = Release|Any CPU
		{5005BD0A-E822-6D0C-D0FA-E692293C12B6}.Debug|Any CPU.ActiveCfg = Debug|Any CPU
		{5005BD0A-E822-6D0C-D0FA-E692293C12B6}.Debug|Any CPU.Build.0 = Debug|Any CPU
		{5005BD0A-E822-6D0C-D0FA-E692293C12B6}.Release|Any CPU.ActiveCfg = Release|Any CPU
		{5005BD0A-E822-6D0C-D0FA-E692293C12B6}.Release|Any CPU.Build.0 = Release|Any CPU
		{44FA09DB-6553-2723-18F6-B7BB51C3AB94}.Debug|Any CPU.ActiveCfg = Debug|Any CPU
		{44FA09DB-6553-2723-18F6-B7BB51C3AB94}.Debug|Any CPU.Build.0 = Debug|Any CPU
		{44FA09DB-6553-2723-18F6-B7BB51C3AB94}.Release|Any CPU.ActiveCfg = Release|Any CPU
		{44FA09DB-6553-2723-18F6-B7BB51C3AB94}.Release|Any CPU.Build.0 = Release|Any CPU
		{49D03713-F308-43FB-B869-6629C5EBDE8D}.Debug|Any CPU.ActiveCfg = Debug|Any CPU
		{49D03713-F308-43FB-B869-6629C5EBDE8D}.Debug|Any CPU.Build.0 = Debug|Any CPU
		{49D03713-F308-43FB-B869-6629C5EBDE8D}.Release|Any CPU.ActiveCfg = Release|Any CPU
		{49D03713-F308-43FB-B869-6629C5EBDE8D}.Release|Any CPU.Build.0 = Release|Any CPU
		{D7C9B137-9861-402F-9639-5140990F6338}.Debug|Any CPU.ActiveCfg = Debug|Any CPU
		{D7C9B137-9861-402F-9639-5140990F6338}.Debug|Any CPU.Build.0 = Debug|Any CPU
		{D7C9B137-9861-402F-9639-5140990F6338}.Release|Any CPU.ActiveCfg = Release|Any CPU
		{D7C9B137-9861-402F-9639-5140990F6338}.Release|Any CPU.Build.0 = Release|Any CPU
		{11C15A36-7151-4206-89D9-A395FBFE5A4D}.Debug|Any CPU.ActiveCfg = Debug|Any CPU
		{11C15A36-7151-4206-89D9-A395FBFE5A4D}.Debug|Any CPU.Build.0 = Debug|Any CPU
		{11C15A36-7151-4206-89D9-A395FBFE5A4D}.Release|Any CPU.ActiveCfg = Release|Any CPU
		{11C15A36-7151-4206-89D9-A395FBFE5A4D}.Release|Any CPU.Build.0 = Release|Any CPU
		{E96DD8DB-84B6-4621-9F81-E62CB8640108}.Debug|Any CPU.ActiveCfg = Debug|Any CPU
		{E96DD8DB-84B6-4621-9F81-E62CB8640108}.Debug|Any CPU.Build.0 = Debug|Any CPU
		{E96DD8DB-84B6-4621-9F81-E62CB8640108}.Release|Any CPU.ActiveCfg = Release|Any CPU
		{E96DD8DB-84B6-4621-9F81-E62CB8640108}.Release|Any CPU.Build.0 = Release|Any CPU
		{B268E2BE-3090-4C4C-977F-7547FF4355A2}.Debug|Any CPU.ActiveCfg = Debug|Any CPU
		{B268E2BE-3090-4C4C-977F-7547FF4355A2}.Debug|Any CPU.Build.0 = Debug|Any CPU
		{B268E2BE-3090-4C4C-977F-7547FF4355A2}.Release|Any CPU.ActiveCfg = Release|Any CPU
		{B268E2BE-3090-4C4C-977F-7547FF4355A2}.Release|Any CPU.Build.0 = Release|Any CPU
		{CF861732-8839-423E-9449-D39D7B7541CD}.Debug|Any CPU.ActiveCfg = Debug|Any CPU
		{CF861732-8839-423E-9449-D39D7B7541CD}.Debug|Any CPU.Build.0 = Debug|Any CPU
		{CF861732-8839-423E-9449-D39D7B7541CD}.Release|Any CPU.ActiveCfg = Release|Any CPU
		{CF861732-8839-423E-9449-D39D7B7541CD}.Release|Any CPU.Build.0 = Release|Any CPU
	EndGlobalSection
	GlobalSection(SolutionProperties) = preSolution
		HideSolutionNode = FALSE
	EndGlobalSection
	GlobalSection(NestedProjects) = preSolution
		{29EF9242-6ABA-BAC6-94F5-EFFA6ABF4CA9} = {36D591C7-65C7-A0D1-1CBC-10CDE441BDC8}
		{A056D2DC-3A95-E5E2-5CF4-DF27D56442C4} = {36D591C7-65C7-A0D1-1CBC-10CDE441BDC8}
		{5A0834E9-56A5-78D4-DB0C-26196A0FC7FF} = {36D591C7-65C7-A0D1-1CBC-10CDE441BDC8}
		{07CC854A-66BD-8467-AEB2-B2E1BADCBBD7} = {36D591C7-65C7-A0D1-1CBC-10CDE441BDC8}
		{D5CD0AD2-E52C-DA77-9B0A-E889E58F2AEE} = {36D591C7-65C7-A0D1-1CBC-10CDE441BDC8}
		{5005BD0A-E822-6D0C-D0FA-E692293C12B6} = {36D591C7-65C7-A0D1-1CBC-10CDE441BDC8}
		{44FA09DB-6553-2723-18F6-B7BB51C3AB94} = {36D591C7-65C7-A0D1-1CBC-10CDE441BDC8}
		{49D03713-F308-43FB-B869-6629C5EBDE8D} = {FFCCDD89-60FB-4B07-BCB3-8D48EC0F1293}
		{D7C9B137-9861-402F-9639-5140990F6338} = {FFCCDD89-60FB-4B07-BCB3-8D48EC0F1293}
		{11C15A36-7151-4206-89D9-A395FBFE5A4D} = {FFCCDD89-60FB-4B07-BCB3-8D48EC0F1293}
		{E96DD8DB-84B6-4621-9F81-E62CB8640108} = {FFCCDD89-60FB-4B07-BCB3-8D48EC0F1293}
		{B268E2BE-3090-4C4C-977F-7547FF4355A2} = {FFCCDD89-60FB-4B07-BCB3-8D48EC0F1293}
		{CF861732-8839-423E-9449-D39D7B7541CD} = {FFCCDD89-60FB-4B07-BCB3-8D48EC0F1293}
	EndGlobalSection
	GlobalSection(ExtensibilityGlobals) = postSolution
		SolutionGuid = {40FADF10-44FB-41D3-89BE-5795D502A537}
	EndGlobalSection
EndGlobal
