
Microsoft Visual Studio Solution File, Format Version 12.00
# Visual Studio Version 17
VisualStudioVersion = 17.13.35818.85
MinimumVisualStudioVersion = 10.0.40219.1
Project("{2150E333-8FDC-42A3-9474-1A3956D46DE8}") = "01 Lab", "01 Lab", "{36D591C7-65C7-A0D1-1CBC-10CDE441BDC8}"
EndProject
Project("{FAE04EC0-301F-11D3-BF4B-00C04F79EFBC}") = "1.Lab.04", "01 Lab\1.Lab.4\1.Lab.04.csproj", "{29EF9242-6ABA-BAC6-94F5-EFFA6ABF4CA9}"
EndProject
Project("{FAE04EC0-301F-11D3-BF4B-00C04F79EFBC}") = "1.Lab.05", "01 Lab\1.Lab.5\1.Lab.05.csproj", "{A056D2DC-3A95-E5E2-5CF4-DF27D56442C4}"
EndProject
Project("{FAE04EC0-301F-11D3-BF4B-00C04F79EFBC}") = "1.Lab.06", "01 Lab\1.Lab.6\1.Lab.06.csproj", "{5A0834E9-56A5-78D4-DB0C-26196A0FC7FF}"
EndProject
Project("{FAE04EC0-301F-11D3-BF4B-00C04F79EFBC}") = "1.LAb.08", "01 Lab\1.LAb.8\1.LAb.08.csproj", "{07CC854A-66BD-8467-AEB2-B2E1BADCBBD7}"
EndProject
Project("{FAE04EC0-301F-11D3-BF4B-00C04F79EFBC}") = "1.Lab.09", "01 Lab\1.Lab.9\1.Lab.09.csproj", "{D5CD0AD2-E52C-DA77-9B0A-E889E58F2AEE}"
EndProject
Project("{FAE04EC0-301F-11D3-BF4B-00C04F79EFBC}") = "1.Lab.10", "01 Lab\1.Lab.10\1.Lab.10.csproj", "{5005BD0A-E822-6D0C-D0FA-E692293C12B6}"
EndProject
Project("{FAE04EC0-301F-11D3-BF4B-00C04F79EFBC}") = "1.Lab.07", "01 Lab\1.Lab.7\1.Lab.07.csproj", "{44FA09DB-6553-2723-18F6-B7BB51C3AB94}"
EndProject
Project("{2150E333-8FDC-42A3-9474-1A3956D46DE8}") = "01 HomeWork", "01 HomeWork", "{FFCCDD89-60FB-4B07-BCB3-8D48EC0F1293}"
EndProject
Project("{FAE04EC0-301F-11D3-BF4B-00C04F79EFBC}") = "HW01_01", "01 HomeWork\HW01_01\HW01_01.csproj", "{16119B7E-1137-2FC8-D324-71C9937F6576}"
EndProject
Project("{FAE04EC0-301F-11D3-BF4B-00C04F79EFBC}") = "HW01_02", "01 HomeWork\HW01_02\HW01_02.csproj", "{A9ACE01B-29F4-598A-5170-740A7F226D27}"
EndProject
Project("{FAE04EC0-301F-11D3-BF4B-00C04F79EFBC}") = "HW01_03", "01 HomeWork\HW01_03\HW01_03.csproj", "{6C7F3B30-BA25-A57B-C750-D2CB0FADACD5}"
EndProject
Project("{FAE04EC0-301F-11D3-BF4B-00C04F79EFBC}") = "HW01_04_05_06", "01 HomeWork\HW01_04_05_06\HW01_04_05_06.csproj", "{17CC7A88-8D5E-9409-1435-D44C89D06F0E}"
EndProject
Project("{FAE04EC0-301F-11D3-BF4B-00C04F79EFBC}") = "HW01_07_08_09", "01 HomeWork\HW01_07_08_09\HW01_07_08_09.csproj", "{F22FCA6B-E188-A02B-250D-F91018914FC1}"
EndProject
Project("{FAE04EC0-301F-11D3-BF4B-00C04F79EFBC}") = "HW01_10", "01 HomeWork\HW01_10\HW01_10.csproj", "{8F1B4B7A-5A68-472E-8D2B-8ADB636A7F30}"
EndProject
Project("{FAE04EC0-301F-11D3-BF4B-00C04F79EFBC}") = "HW01_Tests", "01 HomeWork\HW01_Tests\HW01_Tests.csproj", "{93EE315B-67CD-55BC-6554-3C933AD34D5C}"
EndProject
Project("{2150E333-8FDC-42A3-9474-1A3956D46DE8}") = "02 Lab", "02 Lab", "{DE5DBB6A-5C7F-4BCA-8276-7A7E93E04880}"
EndProject
Project("{FAE04EC0-301F-11D3-BF4B-00C04F79EFBC}") = "Lab_02_01", "02 Lab\Lab_02_01\Lab_02_01.csproj", "{8820B446-3979-410E-BFDB-3F77CC4FCD5B}"
EndProject
Project("{FAE04EC0-301F-11D3-BF4B-00C04F79EFBC}") = "Lab_02_Tests", "02 Lab\Lab_02_Tests\Lab_02_Tests.csproj", "{0017FE80-32E8-4166-8FEE-80C3FAA96933}"
EndProject
Project("{FAE04EC0-301F-11D3-BF4B-00C04F79EFBC}") = "Lab_02_02", "02 Lab\Lab_02_02\Lab_02_02.csproj", "{578ED409-02A0-44B6-AD4C-02A6016EC17F}"
EndProject
Project("{FAE04EC0-301F-11D3-BF4B-00C04F79EFBC}") = "Lab_02_03", "02 Lab\Lab_02_03\Lab_02_03.csproj", "{3020DFA6-A4DD-4974-BEE4-29C40CF67266}"
EndProject
Project("{2150E333-8FDC-42A3-9474-1A3956D46DE8}") = "02 HomeWork", "02 HomeWork", "{007F94B0-6C0D-4089-A076-C421C37B5592}"
EndProject
Project("{FAE04EC0-301F-11D3-BF4B-00C04F79EFBC}") = "HW_02", "02 HomeWork\HW_02_01\HW_02.csproj", "{67B151DD-B0AE-4F5D-BDFB-6CB2B21520D7}"
EndProject
Project("{FAE04EC0-301F-11D3-BF4B-00C04F79EFBC}") = "HW_02_Tests", "02 HomeWork\HW_02_Tests\HW_02_Tests.csproj", "{4469EA1C-E53E-444B-8920-598777267875}"
EndProject
Project("{FAE04EC0-301F-11D3-BF4B-00C04F79EFBC}") = "PerfomanceTests", "PerfomanceTests\PerfomanceTests.csproj", "{DC03EB10-D223-4058-8340-0F2EF2E919C3}"
EndProject
Project("{2150E333-8FDC-42A3-9474-1A3956D46DE8}") = "03 Lab", "03 Lab", "{7B323D49-92D9-41FA-81FA-6E2A4AC38B00}"
EndProject
Project("{FAE04EC0-301F-11D3-BF4B-00C04F79EFBC}") = "Lab_03", "03 Lab\03 Lab\Lab_03.csproj", "{3A4C76F5-BBD7-5F5C-124F-293447297AC9}"
EndProject
Project("{FAE04EC0-301F-11D3-BF4B-00C04F79EFBC}") = "Lab_03_Tests", "03 Lab\Lab_03_Tests\Lab_03_Tests.csproj", "{440FB376-5EB3-4842-9682-169BD42A30E9}"
EndProject
Project("{2150E333-8FDC-42A3-9474-1A3956D46DE8}") = "03 HomeWork", "03 HomeWork", "{11AC34B9-C913-4F9B-99DF-0F68FC0D2192}"
EndProject
Project("{FAE04EC0-301F-11D3-BF4B-00C04F79EFBC}") = "HW_03_Tests", "03 HomeWork\HW_03_Tests\HW_03_Tests.csproj", "{81D3720B-A36D-4446-8029-B5A7C8860CA2}"
EndProject
Project("{FAE04EC0-301F-11D3-BF4B-00C04F79EFBC}") = "HW_03", "03 HomeWork\HW_03\HW_03.csproj", "{4F9B5979-7DC6-F9E8-A7DA-C56CF0CAAC1E}"
EndProject
Project("{2150E333-8FDC-42A3-9474-1A3956D46DE8}") = "04 LAb", "04 LAb", "{04E78A87-ED29-4751-B606-47679A6D7C7C}"
EndProject
Project("{FAE04EC0-301F-11D3-BF4B-00C04F79EFBC}") = "Lab_04", "04 Lab\Lab_04\Lab_04.csproj", "{7749D6B8-904B-45FF-8EC9-E9FC66401A64}"
EndProject
Project("{FAE04EC0-301F-11D3-BF4B-00C04F79EFBC}") = "Lab_04_Tests", "04 Lab\Lab_04_Tests\Lab_04_Tests.csproj", "{5FE05EF2-9F75-49B1-B462-2BB5B9261EF0}"
EndProject
Project("{2150E333-8FDC-42A3-9474-1A3956D46DE8}") = "04 HomeWork", "04 HomeWork", "{66AAF44F-CA90-4FD2-93EE-ED0242998E78}"
EndProject
Project("{FAE04EC0-301F-11D3-BF4B-00C04F79EFBC}") = "HW_04", "04 HomeWork\HW_04\HW_04.csproj", "{DA4BE3ED-39B2-4E29-92CB-5BFBC3ED8C8F}"
EndProject
Project("{FAE04EC0-301F-11D3-BF4B-00C04F79EFBC}") = "HW_04_Tests", "04 HomeWork\HW_04_Tests\HW_04_Tests.csproj", "{DC40F371-2370-4C74-BAEC-0C8FAB60F790}"
EndProject
Project("{2150E333-8FDC-42A3-9474-1A3956D46DE8}") = "05 Lab", "05 Lab", "{0BD46598-1AC9-4DD6-8F4F-7EE5600C84E2}"
EndProject
Project("{FAE04EC0-301F-11D3-BF4B-00C04F79EFBC}") = "Lab_05", "05 Lab\Lab_05\Lab_05.csproj", "{12C0BFE6-C77E-494B-8E7E-7D69DB3A7038}"
EndProject
Project("{FAE04EC0-301F-11D3-BF4B-00C04F79EFBC}") = "Lab_05_Tests", "05 Lab\Lab_05_Tests\Lab_05_Tests.csproj", "{2654250A-65B4-400B-B26C-DBFA9441F668}"
EndProject
Project("{2150E333-8FDC-42A3-9474-1A3956D46DE8}") = "05 HomeWork", "05 HomeWork", "{CB6E13A8-200D-4C27-AA0A-C09EE719DBFF}"
EndProject
Project("{FAE04EC0-301F-11D3-BF4B-00C04F79EFBC}") = "HW_05", "05 HomeWork\HW_05\HW_05.csproj", "{2773CF82-D5CD-4673-833D-ECC7215C6926}"
EndProject
Project("{FAE04EC0-301F-11D3-BF4B-00C04F79EFBC}") = "HW_05_Tests", "05 HomeWork\HW_05_Tests\HW_05_Tests.csproj", "{30834E35-4422-4462-97B9-4EA6160B6612}"
EndProject
Project("{2150E333-8FDC-42A3-9474-1A3956D46DE8}") = "06 Lab", "06 Lab", "{13E7F503-03C4-45CB-95DF-1C675069B2AB}"
EndProject
Project("{FAE04EC0-301F-11D3-BF4B-00C04F79EFBC}") = "Lab_06", "06 Lab\Lab_06\Lab_06.csproj", "{B62BE0FB-A911-409B-B60D-3BDB8FB8C2D1}"
EndProject
Project("{FAE04EC0-301F-11D3-BF4B-00C04F79EFBC}") = "Lab_06_Tests", "06 Lab\Lab_06_Tests\Lab_06_Tests.csproj", "{B9709BE0-B475-4E71-99A5-8EFD3F8C1D51}"
EndProject
Project("{FAE04EC0-301F-11D3-BF4B-00C04F79EFBC}") = "TMP", "TMP\TMP.csproj", "{25DE676A-0650-4553-9A72-C8259D679BA6}"
EndProject
Project("{2150E333-8FDC-42A3-9474-1A3956D46DE8}") = "06 HomeWork", "06 HomeWork", "{03D7590E-8B49-42EC-BB56-EE919C8D044C}"
EndProject
Project("{FAE04EC0-301F-11D3-BF4B-00C04F79EFBC}") = "HW_06", "06 HomeWork\HW_06\HW_06.csproj", "{A9953479-0D12-48C4-A2DB-A66333B29DB5}"
EndProject
Project("{FAE04EC0-301F-11D3-BF4B-00C04F79EFBC}") = "HW_06_Tests", "06 HomeWork\HW_06_Tests\HW_06_Tests.csproj", "{5EF23CA3-79E5-4FB7-AB9D-1156A5AE34A6}"
EndProject
Project("{2150E333-8FDC-42A3-9474-1A3956D46DE8}") = "07 Lab", "07 Lab", "{EB4C2035-7F7C-46EE-8C6D-7421F093C894}"
EndProject
Project("{FAE04EC0-301F-11D3-BF4B-00C04F79EFBC}") = "Lab_07", "07 Lab\Lab_07\Lab_07.csproj", "{72EFAF7E-70C2-43C5-AFCC-8EF40609F0FE}"
EndProject
Project("{FAE04EC0-301F-11D3-BF4B-00C04F79EFBC}") = "Lab_07_Tests", "07 Lab\Lab_07_Tests\Lab_07_Tests.csproj", "{C58AF21B-4F47-47E9-B8AC-503B3049718D}"
EndProject
Global
	GlobalSection(SolutionConfigurationPlatforms) = preSolution
		Debug|Any CPU = Debug|Any CPU
		Release|Any CPU = Release|Any CPU
	EndGlobalSection
	GlobalSection(ProjectConfigurationPlatforms) = postSolution
		{29EF9242-6ABA-BAC6-94F5-EFFA6ABF4CA9}.Debug|Any CPU.ActiveCfg = Debug|Any CPU
		{29EF9242-6ABA-BAC6-94F5-EFFA6ABF4CA9}.Debug|Any CPU.Build.0 = Debug|Any CPU
		{29EF9242-6ABA-BAC6-94F5-EFFA6ABF4CA9}.Release|Any CPU.ActiveCfg = Release|Any CPU
		{29EF9242-6ABA-BAC6-94F5-EFFA6ABF4CA9}.Release|Any CPU.Build.0 = Release|Any CPU
		{A056D2DC-3A95-E5E2-5CF4-DF27D56442C4}.Debug|Any CPU.ActiveCfg = Debug|Any CPU
		{A056D2DC-3A95-E5E2-5CF4-DF27D56442C4}.Debug|Any CPU.Build.0 = Debug|Any CPU
		{A056D2DC-3A95-E5E2-5CF4-DF27D56442C4}.Release|Any CPU.ActiveCfg = Release|Any CPU
		{A056D2DC-3A95-E5E2-5CF4-DF27D56442C4}.Release|Any CPU.Build.0 = Release|Any CPU
		{5A0834E9-56A5-78D4-DB0C-26196A0FC7FF}.Debug|Any CPU.ActiveCfg = Debug|Any CPU
		{5A0834E9-56A5-78D4-DB0C-26196A0FC7FF}.Debug|Any CPU.Build.0 = Debug|Any CPU
		{5A0834E9-56A5-78D4-DB0C-26196A0FC7FF}.Release|Any CPU.ActiveCfg = Release|Any CPU
		{5A0834E9-56A5-78D4-DB0C-26196A0FC7FF}.Release|Any CPU.Build.0 = Release|Any CPU
		{07CC854A-66BD-8467-AEB2-B2E1BADCBBD7}.Debug|Any CPU.ActiveCfg = Debug|Any CPU
		{07CC854A-66BD-8467-AEB2-B2E1BADCBBD7}.Debug|Any CPU.Build.0 = Debug|Any CPU
		{07CC854A-66BD-8467-AEB2-B2E1BADCBBD7}.Release|Any CPU.ActiveCfg = Release|Any CPU
		{07CC854A-66BD-8467-AEB2-B2E1BADCBBD7}.Release|Any CPU.Build.0 = Release|Any CPU
		{D5CD0AD2-E52C-DA77-9B0A-E889E58F2AEE}.Debug|Any CPU.ActiveCfg = Debug|Any CPU
		{D5CD0AD2-E52C-DA77-9B0A-E889E58F2AEE}.Debug|Any CPU.Build.0 = Debug|Any CPU
		{D5CD0AD2-E52C-DA77-9B0A-E889E58F2AEE}.Release|Any CPU.ActiveCfg = Release|Any CPU
		{D5CD0AD2-E52C-DA77-9B0A-E889E58F2AEE}.Release|Any CPU.Build.0 = Release|Any CPU
		{5005BD0A-E822-6D0C-D0FA-E692293C12B6}.Debug|Any CPU.ActiveCfg = Debug|Any CPU
		{5005BD0A-E822-6D0C-D0FA-E692293C12B6}.Debug|Any CPU.Build.0 = Debug|Any CPU
		{5005BD0A-E822-6D0C-D0FA-E692293C12B6}.Release|Any CPU.ActiveCfg = Release|Any CPU
		{5005BD0A-E822-6D0C-D0FA-E692293C12B6}.Release|Any CPU.Build.0 = Release|Any CPU
		{44FA09DB-6553-2723-18F6-B7BB51C3AB94}.Debug|Any CPU.ActiveCfg = Debug|Any CPU
		{44FA09DB-6553-2723-18F6-B7BB51C3AB94}.Debug|Any CPU.Build.0 = Debug|Any CPU
		{44FA09DB-6553-2723-18F6-B7BB51C3AB94}.Release|Any CPU.ActiveCfg = Release|Any CPU
		{44FA09DB-6553-2723-18F6-B7BB51C3AB94}.Release|Any CPU.Build.0 = Release|Any CPU
		{16119B7E-1137-2FC8-D324-71C9937F6576}.Debug|Any CPU.ActiveCfg = Debug|Any CPU
		{16119B7E-1137-2FC8-D324-71C9937F6576}.Debug|Any CPU.Build.0 = Debug|Any CPU
		{16119B7E-1137-2FC8-D324-71C9937F6576}.Release|Any CPU.ActiveCfg = Release|Any CPU
		{16119B7E-1137-2FC8-D324-71C9937F6576}.Release|Any CPU.Build.0 = Release|Any CPU
		{A9ACE01B-29F4-598A-5170-740A7F226D27}.Debug|Any CPU.ActiveCfg = Debug|Any CPU
		{A9ACE01B-29F4-598A-5170-740A7F226D27}.Debug|Any CPU.Build.0 = Debug|Any CPU
		{A9ACE01B-29F4-598A-5170-740A7F226D27}.Release|Any CPU.ActiveCfg = Release|Any CPU
		{A9ACE01B-29F4-598A-5170-740A7F226D27}.Release|Any CPU.Build.0 = Release|Any CPU
		{6C7F3B30-BA25-A57B-C750-D2CB0FADACD5}.Debug|Any CPU.ActiveCfg = Debug|Any CPU
		{6C7F3B30-BA25-A57B-C750-D2CB0FADACD5}.Debug|Any CPU.Build.0 = Debug|Any CPU
		{6C7F3B30-BA25-A57B-C750-D2CB0FADACD5}.Release|Any CPU.ActiveCfg = Release|Any CPU
		{6C7F3B30-BA25-A57B-C750-D2CB0FADACD5}.Release|Any CPU.Build.0 = Release|Any CPU
		{17CC7A88-8D5E-9409-1435-D44C89D06F0E}.Debug|Any CPU.ActiveCfg = Debug|Any CPU
		{17CC7A88-8D5E-9409-1435-D44C89D06F0E}.Debug|Any CPU.Build.0 = Debug|Any CPU
		{17CC7A88-8D5E-9409-1435-D44C89D06F0E}.Release|Any CPU.ActiveCfg = Release|Any CPU
		{17CC7A88-8D5E-9409-1435-D44C89D06F0E}.Release|Any CPU.Build.0 = Release|Any CPU
		{F22FCA6B-E188-A02B-250D-F91018914FC1}.Debug|Any CPU.ActiveCfg = Debug|Any CPU
		{F22FCA6B-E188-A02B-250D-F91018914FC1}.Debug|Any CPU.Build.0 = Debug|Any CPU
		{F22FCA6B-E188-A02B-250D-F91018914FC1}.Release|Any CPU.ActiveCfg = Release|Any CPU
		{F22FCA6B-E188-A02B-250D-F91018914FC1}.Release|Any CPU.Build.0 = Release|Any CPU
		{8F1B4B7A-5A68-472E-8D2B-8ADB636A7F30}.Debug|Any CPU.ActiveCfg = Debug|Any CPU
		{8F1B4B7A-5A68-472E-8D2B-8ADB636A7F30}.Debug|Any CPU.Build.0 = Debug|Any CPU
		{8F1B4B7A-5A68-472E-8D2B-8ADB636A7F30}.Release|Any CPU.ActiveCfg = Release|Any CPU
		{8F1B4B7A-5A68-472E-8D2B-8ADB636A7F30}.Release|Any CPU.Build.0 = Release|Any CPU
		{93EE315B-67CD-55BC-6554-3C933AD34D5C}.Debug|Any CPU.ActiveCfg = Debug|Any CPU
		{93EE315B-67CD-55BC-6554-3C933AD34D5C}.Debug|Any CPU.Build.0 = Debug|Any CPU
		{93EE315B-67CD-55BC-6554-3C933AD34D5C}.Release|Any CPU.ActiveCfg = Release|Any CPU
		{93EE315B-67CD-55BC-6554-3C933AD34D5C}.Release|Any CPU.Build.0 = Release|Any CPU
		{8820B446-3979-410E-BFDB-3F77CC4FCD5B}.Debug|Any CPU.ActiveCfg = Debug|Any CPU
		{8820B446-3979-410E-BFDB-3F77CC4FCD5B}.Debug|Any CPU.Build.0 = Debug|Any CPU
		{8820B446-3979-410E-BFDB-3F77CC4FCD5B}.Release|Any CPU.ActiveCfg = Release|Any CPU
		{8820B446-3979-410E-BFDB-3F77CC4FCD5B}.Release|Any CPU.Build.0 = Release|Any CPU
		{0017FE80-32E8-4166-8FEE-80C3FAA96933}.Debug|Any CPU.ActiveCfg = Debug|Any CPU
		{0017FE80-32E8-4166-8FEE-80C3FAA96933}.Debug|Any CPU.Build.0 = Debug|Any CPU
		{0017FE80-32E8-4166-8FEE-80C3FAA96933}.Release|Any CPU.ActiveCfg = Release|Any CPU
		{0017FE80-32E8-4166-8FEE-80C3FAA96933}.Release|Any CPU.Build.0 = Release|Any CPU
		{578ED409-02A0-44B6-AD4C-02A6016EC17F}.Debug|Any CPU.ActiveCfg = Debug|Any CPU
		{578ED409-02A0-44B6-AD4C-02A6016EC17F}.Debug|Any CPU.Build.0 = Debug|Any CPU
		{578ED409-02A0-44B6-AD4C-02A6016EC17F}.Release|Any CPU.ActiveCfg = Release|Any CPU
		{578ED409-02A0-44B6-AD4C-02A6016EC17F}.Release|Any CPU.Build.0 = Release|Any CPU
		{3020DFA6-A4DD-4974-BEE4-29C40CF67266}.Debug|Any CPU.ActiveCfg = Debug|Any CPU
		{3020DFA6-A4DD-4974-BEE4-29C40CF67266}.Debug|Any CPU.Build.0 = Debug|Any CPU
		{3020DFA6-A4DD-4974-BEE4-29C40CF67266}.Release|Any CPU.ActiveCfg = Release|Any CPU
		{3020DFA6-A4DD-4974-BEE4-29C40CF67266}.Release|Any CPU.Build.0 = Release|Any CPU
		{67B151DD-B0AE-4F5D-BDFB-6CB2B21520D7}.Debug|Any CPU.ActiveCfg = Debug|Any CPU
		{67B151DD-B0AE-4F5D-BDFB-6CB2B21520D7}.Debug|Any CPU.Build.0 = Debug|Any CPU
		{67B151DD-B0AE-4F5D-BDFB-6CB2B21520D7}.Release|Any CPU.ActiveCfg = Release|Any CPU
		{67B151DD-B0AE-4F5D-BDFB-6CB2B21520D7}.Release|Any CPU.Build.0 = Release|Any CPU
		{4469EA1C-E53E-444B-8920-598777267875}.Debug|Any CPU.ActiveCfg = Debug|Any CPU
		{4469EA1C-E53E-444B-8920-598777267875}.Debug|Any CPU.Build.0 = Debug|Any CPU
		{4469EA1C-E53E-444B-8920-598777267875}.Release|Any CPU.ActiveCfg = Release|Any CPU
		{4469EA1C-E53E-444B-8920-598777267875}.Release|Any CPU.Build.0 = Release|Any CPU
		{DC03EB10-D223-4058-8340-0F2EF2E919C3}.Debug|Any CPU.ActiveCfg = Debug|Any CPU
		{DC03EB10-D223-4058-8340-0F2EF2E919C3}.Debug|Any CPU.Build.0 = Debug|Any CPU
		{DC03EB10-D223-4058-8340-0F2EF2E919C3}.Release|Any CPU.ActiveCfg = Release|Any CPU
		{DC03EB10-D223-4058-8340-0F2EF2E919C3}.Release|Any CPU.Build.0 = Release|Any CPU
		{3A4C76F5-BBD7-5F5C-124F-293447297AC9}.Debug|Any CPU.ActiveCfg = Debug|Any CPU
		{3A4C76F5-BBD7-5F5C-124F-293447297AC9}.Debug|Any CPU.Build.0 = Debug|Any CPU
		{3A4C76F5-BBD7-5F5C-124F-293447297AC9}.Release|Any CPU.ActiveCfg = Release|Any CPU
		{3A4C76F5-BBD7-5F5C-124F-293447297AC9}.Release|Any CPU.Build.0 = Release|Any CPU
		{440FB376-5EB3-4842-9682-169BD42A30E9}.Debug|Any CPU.ActiveCfg = Debug|Any CPU
		{440FB376-5EB3-4842-9682-169BD42A30E9}.Debug|Any CPU.Build.0 = Debug|Any CPU
		{440FB376-5EB3-4842-9682-169BD42A30E9}.Release|Any CPU.ActiveCfg = Release|Any CPU
		{440FB376-5EB3-4842-9682-169BD42A30E9}.Release|Any CPU.Build.0 = Release|Any CPU
		{81D3720B-A36D-4446-8029-B5A7C8860CA2}.Debug|Any CPU.ActiveCfg = Debug|Any CPU
		{81D3720B-A36D-4446-8029-B5A7C8860CA2}.Debug|Any CPU.Build.0 = Debug|Any CPU
		{81D3720B-A36D-4446-8029-B5A7C8860CA2}.Release|Any CPU.ActiveCfg = Release|Any CPU
		{81D3720B-A36D-4446-8029-B5A7C8860CA2}.Release|Any CPU.Build.0 = Release|Any CPU
		{4F9B5979-7DC6-F9E8-A7DA-C56CF0CAAC1E}.Debug|Any CPU.ActiveCfg = Debug|Any CPU
		{4F9B5979-7DC6-F9E8-A7DA-C56CF0CAAC1E}.Debug|Any CPU.Build.0 = Debug|Any CPU
		{4F9B5979-7DC6-F9E8-A7DA-C56CF0CAAC1E}.Release|Any CPU.ActiveCfg = Release|Any CPU
		{4F9B5979-7DC6-F9E8-A7DA-C56CF0CAAC1E}.Release|Any CPU.Build.0 = Release|Any CPU
		{7749D6B8-904B-45FF-8EC9-E9FC66401A64}.Debug|Any CPU.ActiveCfg = Debug|Any CPU
		{7749D6B8-904B-45FF-8EC9-E9FC66401A64}.Debug|Any CPU.Build.0 = Debug|Any CPU
		{7749D6B8-904B-45FF-8EC9-E9FC66401A64}.Release|Any CPU.ActiveCfg = Release|Any CPU
		{7749D6B8-904B-45FF-8EC9-E9FC66401A64}.Release|Any CPU.Build.0 = Release|Any CPU
		{5FE05EF2-9F75-49B1-B462-2BB5B9261EF0}.Debug|Any CPU.ActiveCfg = Debug|Any CPU
		{5FE05EF2-9F75-49B1-B462-2BB5B9261EF0}.Debug|Any CPU.Build.0 = Debug|Any CPU
		{5FE05EF2-9F75-49B1-B462-2BB5B9261EF0}.Release|Any CPU.ActiveCfg = Release|Any CPU
		{5FE05EF2-9F75-49B1-B462-2BB5B9261EF0}.Release|Any CPU.Build.0 = Release|Any CPU
		{DA4BE3ED-39B2-4E29-92CB-5BFBC3ED8C8F}.Debug|Any CPU.ActiveCfg = Debug|Any CPU
		{DA4BE3ED-39B2-4E29-92CB-5BFBC3ED8C8F}.Debug|Any CPU.Build.0 = Debug|Any CPU
		{DA4BE3ED-39B2-4E29-92CB-5BFBC3ED8C8F}.Release|Any CPU.ActiveCfg = Release|Any CPU
		{DA4BE3ED-39B2-4E29-92CB-5BFBC3ED8C8F}.Release|Any CPU.Build.0 = Release|Any CPU
		{DC40F371-2370-4C74-BAEC-0C8FAB60F790}.Debug|Any CPU.ActiveCfg = Debug|Any CPU
		{DC40F371-2370-4C74-BAEC-0C8FAB60F790}.Debug|Any CPU.Build.0 = Debug|Any CPU
		{DC40F371-2370-4C74-BAEC-0C8FAB60F790}.Release|Any CPU.ActiveCfg = Release|Any CPU
		{DC40F371-2370-4C74-BAEC-0C8FAB60F790}.Release|Any CPU.Build.0 = Release|Any CPU
		{12C0BFE6-C77E-494B-8E7E-7D69DB3A7038}.Debug|Any CPU.ActiveCfg = Debug|Any CPU
		{12C0BFE6-C77E-494B-8E7E-7D69DB3A7038}.Debug|Any CPU.Build.0 = Debug|Any CPU
		{12C0BFE6-C77E-494B-8E7E-7D69DB3A7038}.Release|Any CPU.ActiveCfg = Release|Any CPU
		{12C0BFE6-C77E-494B-8E7E-7D69DB3A7038}.Release|Any CPU.Build.0 = Release|Any CPU
		{2654250A-65B4-400B-B26C-DBFA9441F668}.Debug|Any CPU.ActiveCfg = Debug|Any CPU
		{2654250A-65B4-400B-B26C-DBFA9441F668}.Debug|Any CPU.Build.0 = Debug|Any CPU
		{2654250A-65B4-400B-B26C-DBFA9441F668}.Release|Any CPU.ActiveCfg = Release|Any CPU
		{2654250A-65B4-400B-B26C-DBFA9441F668}.Release|Any CPU.Build.0 = Release|Any CPU
		{2773CF82-D5CD-4673-833D-ECC7215C6926}.Debug|Any CPU.ActiveCfg = Debug|Any CPU
		{2773CF82-D5CD-4673-833D-ECC7215C6926}.Debug|Any CPU.Build.0 = Debug|Any CPU
		{2773CF82-D5CD-4673-833D-ECC7215C6926}.Release|Any CPU.ActiveCfg = Release|Any CPU
		{2773CF82-D5CD-4673-833D-ECC7215C6926}.Release|Any CPU.Build.0 = Release|Any CPU
		{30834E35-4422-4462-97B9-4EA6160B6612}.Debug|Any CPU.ActiveCfg = Debug|Any CPU
		{30834E35-4422-4462-97B9-4EA6160B6612}.Debug|Any CPU.Build.0 = Debug|Any CPU
		{30834E35-4422-4462-97B9-4EA6160B6612}.Release|Any CPU.ActiveCfg = Release|Any CPU
		{30834E35-4422-4462-97B9-4EA6160B6612}.Release|Any CPU.Build.0 = Release|Any CPU
		{B62BE0FB-A911-409B-B60D-3BDB8FB8C2D1}.Debug|Any CPU.ActiveCfg = Debug|Any CPU
		{B62BE0FB-A911-409B-B60D-3BDB8FB8C2D1}.Debug|Any CPU.Build.0 = Debug|Any CPU
		{B62BE0FB-A911-409B-B60D-3BDB8FB8C2D1}.Release|Any CPU.ActiveCfg = Release|Any CPU
		{B62BE0FB-A911-409B-B60D-3BDB8FB8C2D1}.Release|Any CPU.Build.0 = Release|Any CPU
		{B9709BE0-B475-4E71-99A5-8EFD3F8C1D51}.Debug|Any CPU.ActiveCfg = Debug|Any CPU
		{B9709BE0-B475-4E71-99A5-8EFD3F8C1D51}.Debug|Any CPU.Build.0 = Debug|Any CPU
		{B9709BE0-B475-4E71-99A5-8EFD3F8C1D51}.Release|Any CPU.ActiveCfg = Release|Any CPU
		{B9709BE0-B475-4E71-99A5-8EFD3F8C1D51}.Release|Any CPU.Build.0 = Release|Any CPU
		{25DE676A-0650-4553-9A72-C8259D679BA6}.Debug|Any CPU.ActiveCfg = Debug|Any CPU
		{25DE676A-0650-4553-9A72-C8259D679BA6}.Debug|Any CPU.Build.0 = Debug|Any CPU
		{25DE676A-0650-4553-9A72-C8259D679BA6}.Release|Any CPU.ActiveCfg = Release|Any CPU
		{25DE676A-0650-4553-9A72-C8259D679BA6}.Release|Any CPU.Build.0 = Release|Any CPU
		{A9953479-0D12-48C4-A2DB-A66333B29DB5}.Debug|Any CPU.ActiveCfg = Debug|Any CPU
		{A9953479-0D12-48C4-A2DB-A66333B29DB5}.Debug|Any CPU.Build.0 = Debug|Any CPU
		{A9953479-0D12-48C4-A2DB-A66333B29DB5}.Release|Any CPU.ActiveCfg = Release|Any CPU
		{A9953479-0D12-48C4-A2DB-A66333B29DB5}.Release|Any CPU.Build.0 = Release|Any CPU
		{5EF23CA3-79E5-4FB7-AB9D-1156A5AE34A6}.Debug|Any CPU.ActiveCfg = Debug|Any CPU
		{5EF23CA3-79E5-4FB7-AB9D-1156A5AE34A6}.Debug|Any CPU.Build.0 = Debug|Any CPU
		{5EF23CA3-79E5-4FB7-AB9D-1156A5AE34A6}.Release|Any CPU.ActiveCfg = Release|Any CPU
		{5EF23CA3-79E5-4FB7-AB9D-1156A5AE34A6}.Release|Any CPU.Build.0 = Release|Any CPU
		{72EFAF7E-70C2-43C5-AFCC-8EF40609F0FE}.Debug|Any CPU.ActiveCfg = Debug|Any CPU
		{72EFAF7E-70C2-43C5-AFCC-8EF40609F0FE}.Debug|Any CPU.Build.0 = Debug|Any CPU
		{72EFAF7E-70C2-43C5-AFCC-8EF40609F0FE}.Release|Any CPU.ActiveCfg = Release|Any CPU
		{72EFAF7E-70C2-43C5-AFCC-8EF40609F0FE}.Release|Any CPU.Build.0 = Release|Any CPU
		{C58AF21B-4F47-47E9-B8AC-503B3049718D}.Debug|Any CPU.ActiveCfg = Debug|Any CPU
		{C58AF21B-4F47-47E9-B8AC-503B3049718D}.Debug|Any CPU.Build.0 = Debug|Any CPU
		{C58AF21B-4F47-47E9-B8AC-503B3049718D}.Release|Any CPU.ActiveCfg = Release|Any CPU
		{C58AF21B-4F47-47E9-B8AC-503B3049718D}.Release|Any CPU.Build.0 = Release|Any CPU
	EndGlobalSection
	GlobalSection(SolutionProperties) = preSolution
		HideSolutionNode = FALSE
	EndGlobalSection
	GlobalSection(NestedProjects) = preSolution
		{29EF9242-6ABA-BAC6-94F5-EFFA6ABF4CA9} = {36D591C7-65C7-A0D1-1CBC-10CDE441BDC8}
		{A056D2DC-3A95-E5E2-5CF4-DF27D56442C4} = {36D591C7-65C7-A0D1-1CBC-10CDE441BDC8}
		{5A0834E9-56A5-78D4-DB0C-26196A0FC7FF} = {36D591C7-65C7-A0D1-1CBC-10CDE441BDC8}
		{07CC854A-66BD-8467-AEB2-B2E1BADCBBD7} = {36D591C7-65C7-A0D1-1CBC-10CDE441BDC8}
		{D5CD0AD2-E52C-DA77-9B0A-E889E58F2AEE} = {36D591C7-65C7-A0D1-1CBC-10CDE441BDC8}
		{5005BD0A-E822-6D0C-D0FA-E692293C12B6} = {36D591C7-65C7-A0D1-1CBC-10CDE441BDC8}
		{44FA09DB-6553-2723-18F6-B7BB51C3AB94} = {36D591C7-65C7-A0D1-1CBC-10CDE441BDC8}
		{16119B7E-1137-2FC8-D324-71C9937F6576} = {FFCCDD89-60FB-4B07-BCB3-8D48EC0F1293}
		{A9ACE01B-29F4-598A-5170-740A7F226D27} = {FFCCDD89-60FB-4B07-BCB3-8D48EC0F1293}
		{6C7F3B30-BA25-A57B-C750-D2CB0FADACD5} = {FFCCDD89-60FB-4B07-BCB3-8D48EC0F1293}
		{17CC7A88-8D5E-9409-1435-D44C89D06F0E} = {FFCCDD89-60FB-4B07-BCB3-8D48EC0F1293}
		{F22FCA6B-E188-A02B-250D-F91018914FC1} = {FFCCDD89-60FB-4B07-BCB3-8D48EC0F1293}
		{8F1B4B7A-5A68-472E-8D2B-8ADB636A7F30} = {FFCCDD89-60FB-4B07-BCB3-8D48EC0F1293}
		{93EE315B-67CD-55BC-6554-3C933AD34D5C} = {FFCCDD89-60FB-4B07-BCB3-8D48EC0F1293}
		{8820B446-3979-410E-BFDB-3F77CC4FCD5B} = {DE5DBB6A-5C7F-4BCA-8276-7A7E93E04880}
		{0017FE80-32E8-4166-8FEE-80C3FAA96933} = {DE5DBB6A-5C7F-4BCA-8276-7A7E93E04880}
		{578ED409-02A0-44B6-AD4C-02A6016EC17F} = {DE5DBB6A-5C7F-4BCA-8276-7A7E93E04880}
		{3020DFA6-A4DD-4974-BEE4-29C40CF67266} = {DE5DBB6A-5C7F-4BCA-8276-7A7E93E04880}
		{67B151DD-B0AE-4F5D-BDFB-6CB2B21520D7} = {007F94B0-6C0D-4089-A076-C421C37B5592}
		{4469EA1C-E53E-444B-8920-598777267875} = {007F94B0-6C0D-4089-A076-C421C37B5592}
		{3A4C76F5-BBD7-5F5C-124F-293447297AC9} = {7B323D49-92D9-41FA-81FA-6E2A4AC38B00}
		{440FB376-5EB3-4842-9682-169BD42A30E9} = {7B323D49-92D9-41FA-81FA-6E2A4AC38B00}
		{81D3720B-A36D-4446-8029-B5A7C8860CA2} = {11AC34B9-C913-4F9B-99DF-0F68FC0D2192}
		{4F9B5979-7DC6-F9E8-A7DA-C56CF0CAAC1E} = {11AC34B9-C913-4F9B-99DF-0F68FC0D2192}
		{7749D6B8-904B-45FF-8EC9-E9FC66401A64} = {04E78A87-ED29-4751-B606-47679A6D7C7C}
		{5FE05EF2-9F75-49B1-B462-2BB5B9261EF0} = {04E78A87-ED29-4751-B606-47679A6D7C7C}
		{DA4BE3ED-39B2-4E29-92CB-5BFBC3ED8C8F} = {66AAF44F-CA90-4FD2-93EE-ED0242998E78}
		{DC40F371-2370-4C74-BAEC-0C8FAB60F790} = {66AAF44F-CA90-4FD2-93EE-ED0242998E78}
		{12C0BFE6-C77E-494B-8E7E-7D69DB3A7038} = {0BD46598-1AC9-4DD6-8F4F-7EE5600C84E2}
		{2654250A-65B4-400B-B26C-DBFA9441F668} = {0BD46598-1AC9-4DD6-8F4F-7EE5600C84E2}
		{2773CF82-D5CD-4673-833D-ECC7215C6926} = {CB6E13A8-200D-4C27-AA0A-C09EE719DBFF}
		{30834E35-4422-4462-97B9-4EA6160B6612} = {CB6E13A8-200D-4C27-AA0A-C09EE719DBFF}
		{B62BE0FB-A911-409B-B60D-3BDB8FB8C2D1} = {13E7F503-03C4-45CB-95DF-1C675069B2AB}
		{B9709BE0-B475-4E71-99A5-8EFD3F8C1D51} = {13E7F503-03C4-45CB-95DF-1C675069B2AB}
		{A9953479-0D12-48C4-A2DB-A66333B29DB5} = {03D7590E-8B49-42EC-BB56-EE919C8D044C}
		{5EF23CA3-79E5-4FB7-AB9D-1156A5AE34A6} = {03D7590E-8B49-42EC-BB56-EE919C8D044C}
		{72EFAF7E-70C2-43C5-AFCC-8EF40609F0FE} = {EB4C2035-7F7C-46EE-8C6D-7421F093C894}
		{C58AF21B-4F47-47E9-B8AC-503B3049718D} = {EB4C2035-7F7C-46EE-8C6D-7421F093C894}
	EndGlobalSection
	GlobalSection(ExtensibilityGlobals) = postSolution
		SolutionGuid = {40FADF10-44FB-41D3-89BE-5795D502A537}
	EndGlobalSection
EndGlobal
